// !$*UTF8*$!
{
	archiveVersion = 1;
	classes = {
	};
	objectVersion = 46;
	objects = {

/* Begin PBXBuildFile section */
		131F845417BDCDBD0081302A /* UIKit.framework in Frameworks */ = {isa = PBXBuildFile; fileRef = 131F845317BDCDBD0081302A /* UIKit.framework */; };
		131F845617BDCDBD0081302A /* Foundation.framework in Frameworks */ = {isa = PBXBuildFile; fileRef = 131F845517BDCDBD0081302A /* Foundation.framework */; };
		131F845817BDCDBD0081302A /* CoreGraphics.framework in Frameworks */ = {isa = PBXBuildFile; fileRef = 131F845717BDCDBD0081302A /* CoreGraphics.framework */; };
		131F845E17BDCDBD0081302A /* InfoPlist.strings in Resources */ = {isa = PBXBuildFile; fileRef = 131F845C17BDCDBD0081302A /* InfoPlist.strings */; };
		131F846017BDCDBD0081302A /* main.m in Sources */ = {isa = PBXBuildFile; fileRef = 131F845F17BDCDBD0081302A /* main.m */; };
		131F846417BDCDBD0081302A /* WorkBookAppDelegate.m in Sources */ = {isa = PBXBuildFile; fileRef = 131F846317BDCDBD0081302A /* WorkBookAppDelegate.m */; };
		131F846617BDCDBD0081302A /* Default.png in Resources */ = {isa = PBXBuildFile; fileRef = 131F846517BDCDBD0081302A /* Default.png */; };
		131F846817BDCDBD0081302A /* Default@2x.png in Resources */ = {isa = PBXBuildFile; fileRef = 131F846717BDCDBD0081302A /* Default@2x.png */; };
		131F846A17BDCDBD0081302A /* Default-568h@2x.png in Resources */ = {isa = PBXBuildFile; fileRef = 131F846917BDCDBD0081302A /* Default-568h@2x.png */; };
		131F846D17BDCDBD0081302A /* WorkBookViewController.m in Sources */ = {isa = PBXBuildFile; fileRef = 131F846C17BDCDBD0081302A /* WorkBookViewController.m */; };
		131F847017BDCDBD0081302A /* WorkBookViewController.xib in Resources */ = {isa = PBXBuildFile; fileRef = 131F846E17BDCDBD0081302A /* WorkBookViewController.xib */; };
/* End PBXBuildFile section */

/* Begin PBXFileReference section */
		131F844F17BDCDBD0081302A /* WorkBook.app */ = {isa = PBXFileReference; explicitFileType = wrapper.application; includeInIndex = 0; path = WorkBook.app; sourceTree = BUILT_PRODUCTS_DIR; };
		131F845317BDCDBD0081302A /* UIKit.framework */ = {isa = PBXFileReference; lastKnownFileType = wrapper.framework; name = UIKit.framework; path = System/Library/Frameworks/UIKit.framework; sourceTree = SDKROOT; };
		131F845517BDCDBD0081302A /* Foundation.framework */ = {isa = PBXFileReference; lastKnownFileType = wrapper.framework; name = Foundation.framework; path = System/Library/Frameworks/Foundation.framework; sourceTree = SDKROOT; };
		131F845717BDCDBD0081302A /* CoreGraphics.framework */ = {isa = PBXFileReference; lastKnownFileType = wrapper.framework; name = CoreGraphics.framework; path = System/Library/Frameworks/CoreGraphics.framework; sourceTree = SDKROOT; };
		131F845B17BDCDBD0081302A /* WorkBook-Info.plist */ = {isa = PBXFileReference; lastKnownFileType = text.plist.xml; path = "WorkBook-Info.plist"; sourceTree = "<group>"; };
		131F845D17BDCDBD0081302A /* en */ = {isa = PBXFileReference; lastKnownFileType = text.plist.strings; name = en; path = en.lproj/InfoPlist.strings; sourceTree = "<group>"; };
		131F845F17BDCDBD0081302A /* main.m */ = {isa = PBXFileReference; lastKnownFileType = sourcecode.c.objc; path = main.m; sourceTree = "<group>"; };
		131F846117BDCDBD0081302A /* WorkBook-Prefix.pch */ = {isa = PBXFileReference; lastKnownFileType = sourcecode.c.h; path = "WorkBook-Prefix.pch"; sourceTree = "<group>"; };
		131F846217BDCDBD0081302A /* WorkBookAppDelegate.h */ = {isa = PBXFileReference; lastKnownFileType = sourcecode.c.h; path = WorkBookAppDelegate.h; sourceTree = "<group>"; };
		131F846317BDCDBD0081302A /* WorkBookAppDelegate.m */ = {isa = PBXFileReference; lastKnownFileType = sourcecode.c.objc; path = WorkBookAppDelegate.m; sourceTree = "<group>"; };
		131F846517BDCDBD0081302A /* Default.png */ = {isa = PBXFileReference; lastKnownFileType = image.png; path = Default.png; sourceTree = "<group>"; };
		131F846717BDCDBD0081302A /* Default@2x.png */ = {isa = PBXFileReference; lastKnownFileType = image.png; path = "Default@2x.png"; sourceTree = "<group>"; };
		131F846917BDCDBD0081302A /* Default-568h@2x.png */ = {isa = PBXFileReference; lastKnownFileType = image.png; path = "Default-568h@2x.png"; sourceTree = "<group>"; };
		131F846B17BDCDBD0081302A /* WorkBookViewController.h */ = {isa = PBXFileReference; lastKnownFileType = sourcecode.c.h; path = WorkBookViewController.h; sourceTree = "<group>"; };
		131F846C17BDCDBD0081302A /* WorkBookViewController.m */ = {isa = PBXFileReference; lastKnownFileType = sourcecode.c.objc; path = WorkBookViewController.m; sourceTree = "<group>"; };
		131F846F17BDCDBD0081302A /* en */ = {isa = PBXFileReference; lastKnownFileType = file.xib; name = en; path = en.lproj/WorkBookViewController.xib; sourceTree = "<group>"; };
/* End PBXFileReference section */

/* Begin PBXFrameworksBuildPhase section */
		131F844C17BDCDBD0081302A /* Frameworks */ = {
			isa = PBXFrameworksBuildPhase;
			buildActionMask = 2147483647;
			files = (
				131F845417BDCDBD0081302A /* UIKit.framework in Frameworks */,
				131F845617BDCDBD0081302A /* Foundation.framework in Frameworks */,
				131F845817BDCDBD0081302A /* CoreGraphics.framework in Frameworks */,
			);
			runOnlyForDeploymentPostprocessing = 0;
		};
/* End PBXFrameworksBuildPhase section */

/* Begin PBXGroup section */
		131F844417BDCDBC0081302A = {
			isa = PBXGroup;
			children = (
				131F845917BDCDBD0081302A /* WorkBook */,
				131F845217BDCDBD0081302A /* Frameworks */,
				131F845017BDCDBD0081302A /* Products */,
			);
			sourceTree = "<group>";
		};
		131F845017BDCDBD0081302A /* Products */ = {
			isa = PBXGroup;
			children = (
				131F844F17BDCDBD0081302A /* WorkBook.app */,
			);
			name = Products;
			sourceTree = "<group>";
		};
		131F845217BDCDBD0081302A /* Frameworks */ = {
			isa = PBXGroup;
			children = (
				131F845317BDCDBD0081302A /* UIKit.framework */,
				131F845517BDCDBD0081302A /* Foundation.framework */,
				131F845717BDCDBD0081302A /* CoreGraphics.framework */,
			);
			name = Frameworks;
			sourceTree = "<group>";
		};
		131F845917BDCDBD0081302A /* WorkBook */ = {
			isa = PBXGroup;
			children = (
				131F846217BDCDBD0081302A /* WorkBookAppDelegate.h */,
				131F846317BDCDBD0081302A /* WorkBookAppDelegate.m */,
				131F846B17BDCDBD0081302A /* WorkBookViewController.h */,
				131F846C17BDCDBD0081302A /* WorkBookViewController.m */,
				131F846E17BDCDBD0081302A /* WorkBookViewController.xib */,
				131F845A17BDCDBD0081302A /* Supporting Files */,
			);
			path = WorkBook;
			sourceTree = "<group>";
		};
		131F845A17BDCDBD0081302A /* Supporting Files */ = {
			isa = PBXGroup;
			children = (
				131F845B17BDCDBD0081302A /* WorkBook-Info.plist */,
				131F845C17BDCDBD0081302A /* InfoPlist.strings */,
				131F845F17BDCDBD0081302A /* main.m */,
				131F846117BDCDBD0081302A /* WorkBook-Prefix.pch */,
				131F846517BDCDBD0081302A /* Default.png */,
				131F846717BDCDBD0081302A /* Default@2x.png */,
				131F846917BDCDBD0081302A /* Default-568h@2x.png */,
			);
			name = "Supporting Files";
			sourceTree = "<group>";
		};
/* End PBXGroup section */

/* Begin PBXNativeTarget section */
		131F844E17BDCDBD0081302A /* WorkBook */ = {
			isa = PBXNativeTarget;
			buildConfigurationList = 131F847317BDCDBD0081302A /* Build configuration list for PBXNativeTarget "WorkBook" */;
			buildPhases = (
				131F844B17BDCDBD0081302A /* Sources */,
				131F844C17BDCDBD0081302A /* Frameworks */,
				131F844D17BDCDBD0081302A /* Resources */,
			);
			buildRules = (
			);
			dependencies = (
			);
			name = WorkBook;
			productName = WorkBook;
			productReference = 131F844F17BDCDBD0081302A /* WorkBook.app */;
			productType = "com.apple.product-type.application";
		};
/* End PBXNativeTarget section */

/* Begin PBXProject section */
		131F844617BDCDBC0081302A /* Project object */ = {
			isa = PBXProject;
			attributes = {
				CLASSPREFIX = WorkBook;
				LastUpgradeCheck = 0450;
				ORGANIZATIONNAME = kada;
			};
			buildConfigurationList = 131F844917BDCDBC0081302A /* Build configuration list for PBXProject "WorkBook" */;
			compatibilityVersion = "Xcode 3.2";
			developmentRegion = English;
			hasScannedForEncodings = 0;
			knownRegions = (
				en,
			);
			mainGroup = 131F844417BDCDBC0081302A;
			productRefGroup = 131F845017BDCDBD0081302A /* Products */;
			projectDirPath = "";
			projectRoot = "";
			targets = (
				131F844E17BDCDBD0081302A /* WorkBook */,
			);
		};
/* End PBXProject section */

/* Begin PBXResourcesBuildPhase section */
		131F844D17BDCDBD0081302A /* Resources */ = {
			isa = PBXResourcesBuildPhase;
			buildActionMask = 2147483647;
			files = (
				131F845E17BDCDBD0081302A /* InfoPlist.strings in Resources */,
				131F846617BDCDBD0081302A /* Default.png in Resources */,
				131F846817BDCDBD0081302A /* Default@2x.png in Resources */,
				131F846A17BDCDBD0081302A /* Default-568h@2x.png in Resources */,
				131F847017BDCDBD0081302A /* WorkBookViewController.xib in Resources */,
			);
			runOnlyForDeploymentPostprocessing = 0;
		};
/* End PBXResourcesBuildPhase section */

/* Begin PBXSourcesBuildPhase section */
		131F844B17BDCDBD0081302A /* Sources */ = {
			isa = PBXSourcesBuildPhase;
			buildActionMask = 2147483647;
			files = (
				131F846017BDCDBD0081302A /* main.m in Sources */,
				131F846417BDCDBD0081302A /* WorkBookAppDelegate.m in Sources */,
				131F846D17BDCDBD0081302A /* WorkBookViewController.m in Sources */,
			);
			runOnlyForDeploymentPostprocessing = 0;
		};
/* End PBXSourcesBuildPhase section */

/* Begin PBXVariantGroup section */
		131F845C17BDCDBD0081302A /* InfoPlist.strings */ = {
			isa = PBXVariantGroup;
			children = (
				131F845D17BDCDBD0081302A /* en */,
			);
			name = InfoPlist.strings;
			sourceTree = "<group>";
		};
		131F846E17BDCDBD0081302A /* WorkBookViewController.xib */ = {
			isa = PBXVariantGroup;
			children = (
				131F846F17BDCDBD0081302A /* en */,
			);
			name = WorkBookViewController.xib;
			sourceTree = "<group>";
		};
/* End PBXVariantGroup section */

/* Begin XCBuildConfiguration section */
		131F847117BDCDBD0081302A /* Debug */ = {
			isa = XCBuildConfiguration;
			buildSettings = {
				ALWAYS_SEARCH_USER_PATHS = NO;
				CLANG_CXX_LANGUAGE_STANDARD = "gnu++0x";
				CLANG_CXX_LIBRARY = "libc++";
				CLANG_WARN_EMPTY_BODY = YES;
				CLANG_WARN__DUPLICATE_METHOD_MATCH = YES;
				"CODE_SIGN_IDENTITY[sdk=iphoneos*]" = "iPhone Developer";
				COPY_PHASE_STRIP = NO;
				GCC_C_LANGUAGE_STANDARD = gnu99;
				GCC_DYNAMIC_NO_PIC = NO;
				GCC_OPTIMIZATION_LEVEL = 0;
				GCC_PREPROCESSOR_DEFINITIONS = (
					"DEBUG=1",
					"$(inherited)",
				);
				GCC_SYMBOLS_PRIVATE_EXTERN = NO;
				GCC_WARN_ABOUT_RETURN_TYPE = YES;
				GCC_WARN_UNINITIALIZED_AUTOS = YES;
				GCC_WARN_UNUSED_VARIABLE = YES;
				IPHONEOS_DEPLOYMENT_TARGET = 4.3;
				SDKROOT = iphoneos;
			};
			name = Debug;
		};
		131F847217BDCDBD0081302A /* Release */ = {
			isa = XCBuildConfiguration;
			buildSettings = {
				ALWAYS_SEARCH_USER_PATHS = NO;
				CLANG_CXX_LANGUAGE_STANDARD = "gnu++0x";
				CLANG_CXX_LIBRARY = "libc++";
				CLANG_WARN_EMPTY_BODY = YES;
				CLANG_WARN__DUPLICATE_METHOD_MATCH = YES;
				"CODE_SIGN_IDENTITY[sdk=iphoneos*]" = "iPhone Developer";
				COPY_PHASE_STRIP = YES;
				GCC_C_LANGUAGE_STANDARD = gnu99;
				GCC_WARN_ABOUT_RETURN_TYPE = YES;
				GCC_WARN_UNINITIALIZED_AUTOS = YES;
				GCC_WARN_UNUSED_VARIABLE = YES;
				IPHONEOS_DEPLOYMENT_TARGET = 4.3;
				OTHER_CFLAGS = "-DNS_BLOCK_ASSERTIONS=1";
				SDKROOT = iphoneos;
				VALIDATE_PRODUCT = YES;
			};
			name = Release;
		};
		131F847417BDCDBD0081302A /* Debug */ = {
			isa = XCBuildConfiguration;
			buildSettings = {
				GCC_PRECOMPILE_PREFIX_HEADER = YES;
				GCC_PREFIX_HEADER = "WorkBook/WorkBook-Prefix.pch";
				INFOPLIST_FILE = "WorkBook/WorkBook-Info.plist";
				PRODUCT_NAME = "$(TARGET_NAME)";
				WRAPPER_EXTENSION = app;
			};
			name = Debug;
		};
		131F847517BDCDBD0081302A /* Release */ = {
			isa = XCBuildConfiguration;
			buildSettings = {
				GCC_PRECOMPILE_PREFIX_HEADER = YES;
				GCC_PREFIX_HEADER = "WorkBook/WorkBook-Prefix.pch";
				INFOPLIST_FILE = "WorkBook/WorkBook-Info.plist";
				PRODUCT_NAME = "$(TARGET_NAME)";
				WRAPPER_EXTENSION = app;
			};
			name = Release;
		};
/* End XCBuildConfiguration section */

/* Begin XCConfigurationList section */
		131F844917BDCDBC0081302A /* Build configuration list for PBXProject "WorkBook" */ = {
			isa = XCConfigurationList;
			buildConfigurations = (
				131F847117BDCDBD0081302A /* Debug */,
				131F847217BDCDBD0081302A /* Release */,
			);
			defaultConfigurationIsVisible = 0;
			defaultConfigurationName = Release;
		};
		131F847317BDCDBD0081302A /* Build configuration list for PBXNativeTarget "WorkBook" */ = {
			isa = XCConfigurationList;
			buildConfigurations = (
				131F847417BDCDBD0081302A /* Debug */,
				131F847517BDCDBD0081302A /* Release */,
			);
			defaultConfigurationIsVisible = 0;
		};
/* End XCConfigurationList section */
	};
	rootObject = 131F844617BDCDBC0081302A /* Project object */;
}
